// !$*UTF8*$!
{
	archiveVersion = 1;
	classes = {
	};
	objectVersion = 77;
	objects = {

/* Begin PBXContainerItemProxy section */
		BDA4D1D62E0E53BC0080699A /* PBXContainerItemProxy */ = {
			isa = PBXContainerItemProxy;
			containerPortal = BDA4D1BB2E0E53BA0080699A /* Project object */;
			proxyType = 1;
			remoteGlobalIDString = BDA4D1C22E0E53BA0080699A;
			remoteInfo = Cartella;
		};
		BDA4D1E02E0E53BC0080699A /* PBXContainerItemProxy */ = {
			isa = PBXContainerItemProxy;
			containerPortal = BDA4D1BB2E0E53BA0080699A /* Project object */;
			proxyType = 1;
			remoteGlobalIDString = BDA4D1C22E0E53BA0080699A;
			remoteInfo = Cartella;
		};
/* End PBXContainerItemProxy section */

/* Begin PBXFileReference section */
		BDA4D1C32E0E53BA0080699A /* Cartella.app */ = {isa = PBXFileReference; explicitFileType = wrapper.application; includeInIndex = 0; path = Cartella.app; sourceTree = BUILT_PRODUCTS_DIR; };
		BDA4D1D52E0E53BC0080699A /* CartellaTests.xctest */ = {isa = PBXFileReference; explicitFileType = wrapper.cfbundle; includeInIndex = 0; path = CartellaTests.xctest; sourceTree = BUILT_PRODUCTS_DIR; };
		BDA4D1DF2E0E53BC0080699A /* CartellaUITests.xctest */ = {isa = PBXFileReference; explicitFileType = wrapper.cfbundle; includeInIndex = 0; path = CartellaUITests.xctest; sourceTree = BUILT_PRODUCTS_DIR; };
/* End PBXFileReference section */

/* Begin PBXFileSystemSynchronizedRootGroup section */
		BDA4D1C52E0E53BA0080699A /* Cartella */ = {
			isa = PBXFileSystemSynchronizedRootGroup;
			path = Cartella;
			sourceTree = "<group>";
		};
		BDA4D1D82E0E53BC0080699A /* CartellaTests */ = {
			isa = PBXFileSystemSynchronizedRootGroup;
			path = CartellaTests;
			sourceTree = "<group>";
		};
		BDA4D1E22E0E53BC0080699A /* CartellaUITests */ = {
			isa = PBXFileSystemSynchronizedRootGroup;
			path = CartellaUITests;
			sourceTree = "<group>";
		};
/* End PBXFileSystemSynchronizedRootGroup section */

/* Begin PBXFrameworksBuildPhase section */
		BDA4D1C02E0E53BA0080699A /* Frameworks */ = {
			isa = PBXFrameworksBuildPhase;
			buildActionMask = 2147483647;
			files = (
			);
			runOnlyForDeploymentPostprocessing = 0;
		};
		BDA4D1D22E0E53BC0080699A /* Frameworks */ = {
			isa = PBXFrameworksBuildPhase;
			buildActionMask = 2147483647;
			files = (
			);
			runOnlyForDeploymentPostprocessing = 0;
		};
		BDA4D1DC2E0E53BC0080699A /* Frameworks */ = {
			isa = PBXFrameworksBuildPhase;
			buildActionMask = 2147483647;
			files = (
			);
			runOnlyForDeploymentPostprocessing = 0;
		};
/* End PBXFrameworksBuildPhase section */

/* Begin PBXGroup section */
		BDA4D1BA2E0E53BA0080699A = {
			isa = PBXGroup;
			children = (
				BDA4D1C52E0E53BA0080699A /* Cartella */,
				BDA4D1D82E0E53BC0080699A /* CartellaTests */,
				BDA4D1E22E0E53BC0080699A /* CartellaUITests */,
				BDA4D1C42E0E53BA0080699A /* Products */,
			);
			sourceTree = "<group>";
		};
		BDA4D1C42E0E53BA0080699A /* Products */ = {
			isa = PBXGroup;
			children = (
				BDA4D1C32E0E53BA0080699A /* Cartella.app */,
				BDA4D1D52E0E53BC0080699A /* CartellaTests.xctest */,
				BDA4D1DF2E0E53BC0080699A /* CartellaUITests.xctest */,
			);
			name = Products;
			sourceTree = "<group>";
		};
/* End PBXGroup section */

/* Begin PBXNativeTarget section */
		BDA4D1C22E0E53BA0080699A /* Cartella */ = {
			isa = PBXNativeTarget;
			buildConfigurationList = BDA4D1E92E0E53BC0080699A /* Build configuration list for PBXNativeTarget "Cartella" */;
			buildPhases = (
				BDA4D1BF2E0E53BA0080699A /* Sources */,
				BDA4D1C02E0E53BA0080699A /* Frameworks */,
				BDA4D1C12E0E53BA0080699A /* Resources */,
			);
			buildRules = (
			);
			dependencies = (
			);
			fileSystemSynchronizedGroups = (
				BDA4D1C52E0E53BA0080699A /* Cartella */,
			);
			name = Cartella;
			packageProductDependencies = (
			);
			productName = Cartella;
			productReference = BDA4D1C32E0E53BA0080699A /* Cartella.app */;
			productType = "com.apple.product-type.application";
		};
		BDA4D1D42E0E53BC0080699A /* CartellaTests */ = {
			isa = PBXNativeTarget;
			buildConfigurationList = BDA4D1EC2E0E53BC0080699A /* Build configuration list for PBXNativeTarget "CartellaTests" */;
			buildPhases = (
				BDA4D1D12E0E53BC0080699A /* Sources */,
				BDA4D1D22E0E53BC0080699A /* Frameworks */,
				BDA4D1D32E0E53BC0080699A /* Resources */,
			);
			buildRules = (
			);
			dependencies = (
				BDA4D1D72E0E53BC0080699A /* PBXTargetDependency */,
			);
			fileSystemSynchronizedGroups = (
				BDA4D1D82E0E53BC0080699A /* CartellaTests */,
			);
			name = CartellaTests;
			packageProductDependencies = (
			);
			productName = CartellaTests;
			productReference = BDA4D1D52E0E53BC0080699A /* CartellaTests.xctest */;
			productType = "com.apple.product-type.bundle.unit-test";
		};
		BDA4D1DE2E0E53BC0080699A /* CartellaUITests */ = {
			isa = PBXNativeTarget;
			buildConfigurationList = BDA4D1EF2E0E53BC0080699A /* Build configuration list for PBXNativeTarget "CartellaUITests" */;
			buildPhases = (
				BDA4D1DB2E0E53BC0080699A /* Sources */,
				BDA4D1DC2E0E53BC0080699A /* Frameworks */,
				BDA4D1DD2E0E53BC0080699A /* Resources */,
			);
			buildRules = (
			);
			dependencies = (
				BDA4D1E12E0E53BC0080699A /* PBXTargetDependency */,
			);
			fileSystemSynchronizedGroups = (
				BDA4D1E22E0E53BC0080699A /* CartellaUITests */,
			);
			name = CartellaUITests;
			packageProductDependencies = (
			);
			productName = CartellaUITests;
			productReference = BDA4D1DF2E0E53BC0080699A /* CartellaUITests.xctest */;
			productType = "com.apple.product-type.bundle.ui-testing";
		};
/* End PBXNativeTarget section */

/* Begin PBXProject section */
		BDA4D1BB2E0E53BA0080699A /* Project object */ = {
			isa = PBXProject;
			attributes = {
				BuildIndependentTargetsInParallel = 1;
				LastSwiftUpdateCheck = 1640;
				LastUpgradeCheck = 1640;
				TargetAttributes = {
					BDA4D1C22E0E53BA0080699A = {
						CreatedOnToolsVersion = 16.4;
					};
					BDA4D1D42E0E53BC0080699A = {
						CreatedOnToolsVersion = 16.4;
						TestTargetID = BDA4D1C22E0E53BA0080699A;
					};
					BDA4D1DE2E0E53BC0080699A = {
						CreatedOnToolsVersion = 16.4;
						TestTargetID = BDA4D1C22E0E53BA0080699A;
					};
				};
			};
			buildConfigurationList = BDA4D1BE2E0E53BA0080699A /* Build configuration list for PBXProject "Cartella" */;
			developmentRegion = en;
			hasScannedForEncodings = 0;
			knownRegions = (
				en,
				Base,
			);
			mainGroup = BDA4D1BA2E0E53BA0080699A;
			minimizedProjectReferenceProxies = 1;
			preferredProjectObjectVersion = 77;
			productRefGroup = BDA4D1C42E0E53BA0080699A /* Products */;
			projectDirPath = "";
			projectRoot = "";
			targets = (
				BDA4D1C22E0E53BA0080699A /* Cartella */,
				BDA4D1D42E0E53BC0080699A /* CartellaTests */,
				BDA4D1DE2E0E53BC0080699A /* CartellaUITests */,
			);
		};
/* End PBXProject section */

/* Begin PBXResourcesBuildPhase section */
		BDA4D1C12E0E53BA0080699A /* Resources */ = {
			isa = PBXResourcesBuildPhase;
			buildActionMask = 2147483647;
			files = (
			);
			runOnlyForDeploymentPostprocessing = 0;
		};
		BDA4D1D32E0E53BC0080699A /* Resources */ = {
			isa = PBXResourcesBuildPhase;
			buildActionMask = 2147483647;
			files = (
			);
			runOnlyForDeploymentPostprocessing = 0;
		};
		BDA4D1DD2E0E53BC0080699A /* Resources */ = {
			isa = PBXResourcesBuildPhase;
			buildActionMask = 2147483647;
			files = (
			);
			runOnlyForDeploymentPostprocessing = 0;
		};
/* End PBXResourcesBuildPhase section */

/* Begin PBXSourcesBuildPhase section */
		BDA4D1BF2E0E53BA0080699A /* Sources */ = {
			isa = PBXSourcesBuildPhase;
			buildActionMask = 2147483647;
			files = (
			);
			runOnlyForDeploymentPostprocessing = 0;
		};
		BDA4D1D12E0E53BC0080699A /* Sources */ = {
			isa = PBXSourcesBuildPhase;
			buildActionMask = 2147483647;
			files = (
			);
			runOnlyForDeploymentPostprocessing = 0;
		};
		BDA4D1DB2E0E53BC0080699A /* Sources */ = {
			isa = PBXSourcesBuildPhase;
			buildActionMask = 2147483647;
			files = (
			);
			runOnlyForDeploymentPostprocessing = 0;
		};
/* End PBXSourcesBuildPhase section */

/* Begin PBXTargetDependency section */
		BDA4D1D72E0E53BC0080699A /* PBXTargetDependency */ = {
			isa = PBXTargetDependency;
			target = BDA4D1C22E0E53BA0080699A /* Cartella */;
			targetProxy = BDA4D1D62E0E53BC0080699A /* PBXContainerItemProxy */;
		};
		BDA4D1E12E0E53BC0080699A /* PBXTargetDependency */ = {
			isa = PBXTargetDependency;
			target = BDA4D1C22E0E53BA0080699A /* Cartella */;
			targetProxy = BDA4D1E02E0E53BC0080699A /* PBXContainerItemProxy */;
		};
/* End PBXTargetDependency section */

/* Begin XCBuildConfiguration section */
		BDA4D1E72E0E53BC0080699A /* Debug */ = {
			isa = XCBuildConfiguration;
			buildSettings = {
				ALWAYS_SEARCH_USER_PATHS = NO;
				ASSETCATALOG_COMPILER_GENERATE_SWIFT_ASSET_SYMBOL_EXTENSIONS = YES;
				CLANG_ANALYZER_NONNULL = YES;
				CLANG_ANALYZER_NUMBER_OBJECT_CONVERSION = YES_AGGRESSIVE;
				CLANG_CXX_LANGUAGE_STANDARD = "gnu++20";
				CLANG_ENABLE_MODULES = YES;
				CLANG_ENABLE_OBJC_ARC = YES;
				CLANG_ENABLE_OBJC_WEAK = YES;
				CLANG_WARN_BLOCK_CAPTURE_AUTORELEASING = YES;
				CLANG_WARN_BOOL_CONVERSION = YES;
				CLANG_WARN_COMMA = YES;
				CLANG_WARN_CONSTANT_CONVERSION = YES;
				CLANG_WARN_DEPRECATED_OBJC_IMPLEMENTATIONS = YES;
				CLANG_WARN_DIRECT_OBJC_ISA_USAGE = YES_ERROR;
				CLANG_WARN_DOCUMENTATION_COMMENTS = YES;
				CLANG_WARN_EMPTY_BODY = YES;
				CLANG_WARN_ENUM_CONVERSION = YES;
				CLANG_WARN_INFINITE_RECURSION = YES;
				CLANG_WARN_INT_CONVERSION = YES;
				CLANG_WARN_NON_LITERAL_NULL_CONVERSION = YES;
				CLANG_WARN_OBJC_IMPLICIT_RETAIN_SELF = YES;
				CLANG_WARN_OBJC_LITERAL_CONVERSION = YES;
				CLANG_WARN_OBJC_ROOT_CLASS = YES_ERROR;
				CLANG_WARN_QUOTED_INCLUDE_IN_FRAMEWORK_HEADER = YES;
				CLANG_WARN_RANGE_LOOP_ANALYSIS = YES;
				CLANG_WARN_STRICT_PROTOTYPES = YES;
				CLANG_WARN_SUSPICIOUS_MOVE = YES;
				CLANG_WARN_UNGUARDED_AVAILABILITY = YES_AGGRESSIVE;
				CLANG_WARN_UNREACHABLE_CODE = YES;
				CLANG_WARN__DUPLICATE_METHOD_MATCH = YES;
				COPY_PHASE_STRIP = NO;
				DEBUG_INFORMATION_FORMAT = dwarf;
				DEVELOPMENT_TEAM = 5S2USGV52L;
				ENABLE_STRICT_OBJC_MSGSEND = YES;
				ENABLE_TESTABILITY = YES;
				ENABLE_USER_SCRIPT_SANDBOXING = YES;
				GCC_C_LANGUAGE_STANDARD = gnu17;
				GCC_DYNAMIC_NO_PIC = NO;
				GCC_NO_COMMON_BLOCKS = YES;
				GCC_OPTIMIZATION_LEVEL = 0;
				GCC_PREPROCESSOR_DEFINITIONS = (
					"DEBUG=1",
					"$(inherited)",
				);
				GCC_WARN_64_TO_32_BIT_CONVERSION = YES;
				GCC_WARN_ABOUT_RETURN_TYPE = YES_ERROR;
				GCC_WARN_UNDECLARED_SELECTOR = YES;
				GCC_WARN_UNINITIALIZED_AUTOS = YES_AGGRESSIVE;
				GCC_WARN_UNUSED_FUNCTION = YES;
				GCC_WARN_UNUSED_VARIABLE = YES;
				IPHONEOS_DEPLOYMENT_TARGET = 18.5;
				LOCALIZATION_PREFERS_STRING_CATALOGS = YES;
				MTL_ENABLE_DEBUG_INFO = INCLUDE_SOURCE;
				MTL_FAST_MATH = YES;
				ONLY_ACTIVE_ARCH = YES;
				SDKROOT = iphoneos;
				SWIFT_ACTIVE_COMPILATION_CONDITIONS = "DEBUG $(inherited)";
				SWIFT_OPTIMIZATION_LEVEL = "-Onone";
			};
			name = Debug;
		};
		BDA4D1E82E0E53BC0080699A /* Release */ = {
			isa = XCBuildConfiguration;
			buildSettings = {
				ALWAYS_SEARCH_USER_PATHS = NO;
				ASSETCATALOG_COMPILER_GENERATE_SWIFT_ASSET_SYMBOL_EXTENSIONS = YES;
				CLANG_ANALYZER_NONNULL = YES;
				CLANG_ANALYZER_NUMBER_OBJECT_CONVERSION = YES_AGGRESSIVE;
				CLANG_CXX_LANGUAGE_STANDARD = "gnu++20";
				CLANG_ENABLE_MODULES = YES;
				CLANG_ENABLE_OBJC_ARC = YES;
				CLANG_ENABLE_OBJC_WEAK = YES;
				CLANG_WARN_BLOCK_CAPTURE_AUTORELEASING = YES;
				CLANG_WARN_BOOL_CONVERSION = YES;
				CLANG_WARN_COMMA = YES;
				CLANG_WARN_CONSTANT_CONVERSION = YES;
				CLANG_WARN_DEPRECATED_OBJC_IMPLEMENTATIONS = YES;
				CLANG_WARN_DIRECT_OBJC_ISA_USAGE = YES_ERROR;
				CLANG_WARN_DOCUMENTATION_COMMENTS = YES;
				CLANG_WARN_EMPTY_BODY = YES;
				CLANG_WARN_ENUM_CONVERSION = YES;
				CLANG_WARN_INFINITE_RECURSION = YES;
				CLANG_WARN_INT_CONVERSION = YES;
				CLANG_WARN_NON_LITERAL_NULL_CONVERSION = YES;
				CLANG_WARN_OBJC_IMPLICIT_RETAIN_SELF = YES;
				CLANG_WARN_OBJC_LITERAL_CONVERSION = YES;
				CLANG_WARN_OBJC_ROOT_CLASS = YES_ERROR;
				CLANG_WARN_QUOTED_INCLUDE_IN_FRAMEWORK_HEADER = YES;
				CLANG_WARN_RANGE_LOOP_ANALYSIS = YES;
				CLANG_WARN_STRICT_PROTOTYPES = YES;
				CLANG_WARN_SUSPICIOUS_MOVE = YES;
				CLANG_WARN_UNGUARDED_AVAILABILITY = YES_AGGRESSIVE;
				CLANG_WARN_UNREACHABLE_CODE = YES;
				CLANG_WARN__DUPLICATE_METHOD_MATCH = YES;
				COPY_PHASE_STRIP = NO;
				DEBUG_INFORMATION_FORMAT = "dwarf-with-dsym";
				DEVELOPMENT_TEAM = 5S2USGV52L;
				ENABLE_NS_ASSERTIONS = NO;
				ENABLE_STRICT_OBJC_MSGSEND = YES;
				ENABLE_USER_SCRIPT_SANDBOXING = YES;
				GCC_C_LANGUAGE_STANDARD = gnu17;
				GCC_NO_COMMON_BLOCKS = YES;
				GCC_WARN_64_TO_32_BIT_CONVERSION = YES;
				GCC_WARN_ABOUT_RETURN_TYPE = YES_ERROR;
				GCC_WARN_UNDECLARED_SELECTOR = YES;
				GCC_WARN_UNINITIALIZED_AUTOS = YES_AGGRESSIVE;
				GCC_WARN_UNUSED_FUNCTION = YES;
				GCC_WARN_UNUSED_VARIABLE = YES;
				IPHONEOS_DEPLOYMENT_TARGET = 18.5;
				LOCALIZATION_PREFERS_STRING_CATALOGS = YES;
				MTL_ENABLE_DEBUG_INFO = NO;
				MTL_FAST_MATH = YES;
				SDKROOT = iphoneos;
				SWIFT_COMPILATION_MODE = wholemodule;
				VALIDATE_PRODUCT = YES;
			};
			name = Release;
		};
		BDA4D1EA2E0E53BC0080699A /* Debug */ = {
			isa = XCBuildConfiguration;
			buildSettings = {
				ASSETCATALOG_COMPILER_APPICON_NAME = AppIcon;
				ASSETCATALOG_COMPILER_GLOBAL_ACCENT_COLOR_NAME = AccentColor;
				CODE_SIGN_STYLE = Automatic;
				CURRENT_PROJECT_VERSION = 1;
				DEVELOPMENT_TEAM = 5S2USGV52L;
				ENABLE_PREVIEWS = YES;
				GENERATE_INFOPLIST_FILE = YES;
				INFOPLIST_KEY_UIApplicationSceneManifest_Generation = YES;
				INFOPLIST_KEY_UIApplicationSupportsIndirectInputEvents = YES;
				INFOPLIST_KEY_UILaunchScreen_Generation = YES;
				INFOPLIST_KEY_UISupportedInterfaceOrientations_iPad = "UIInterfaceOrientationPortrait UIInterfaceOrientationPortraitUpsideDown UIInterfaceOrientationLandscapeLeft UIInterfaceOrientationLandscapeRight";
				INFOPLIST_KEY_UISupportedInterfaceOrientations_iPhone = "UIInterfaceOrientationPortrait UIInterfaceOrientationLandscapeLeft UIInterfaceOrientationLandscapeRight";
				LD_RUNPATH_SEARCH_PATHS = (
					"$(inherited)",
					"@executable_path/Frameworks",
				);
				MARKETING_VERSION = 1.0;
				PRODUCT_BUNDLE_IDENTIFIER = com.anushka.Cartella;
				PRODUCT_NAME = "$(TARGET_NAME)";
				SWIFT_EMIT_LOC_STRINGS = YES;
				SWIFT_VERSION = 5.0;
				TARGETED_DEVICE_FAMILY = "1,2";
			};
			name = Debug;
		};
		BDA4D1EB2E0E53BC0080699A /* Release */ = {
			isa = XCBuildConfiguration;
			buildSettings = {
				ASSETCATALOG_COMPILER_APPICON_NAME = AppIcon;
				ASSETCATALOG_COMPILER_GLOBAL_ACCENT_COLOR_NAME = AccentColor;
				CODE_SIGN_STYLE = Automatic;
				CURRENT_PROJECT_VERSION = 1;
				DEVELOPMENT_TEAM = 5S2USGV52L;
				ENABLE_PREVIEWS = YES;
				GENERATE_INFOPLIST_FILE = YES;
				INFOPLIST_KEY_UIApplicationSceneManifest_Generation = YES;
				INFOPLIST_KEY_UIApplicationSupportsIndirectInputEvents = YES;
				INFOPLIST_KEY_UILaunchScreen_Generation = YES;
				INFOPLIST_KEY_UISupportedInterfaceOrientations_iPad = "UIInterfaceOrientationPortrait UIInterfaceOrientationPortraitUpsideDown UIInterfaceOrientationLandscapeLeft UIInterfaceOrientationLandscapeRight";
				INFOPLIST_KEY_UISupportedInterfaceOrientations_iPhone = "UIInterfaceOrientationPortrait UIInterfaceOrientationLandscapeLeft UIInterfaceOrientationLandscapeRight";
				LD_RUNPATH_SEARCH_PATHS = (
					"$(inherited)",
					"@executable_path/Frameworks",
				);
				MARKETING_VERSION = 1.0;
				PRODUCT_BUNDLE_IDENTIFIER = com.anushka.Cartella;
				PRODUCT_NAME = "$(TARGET_NAME)";
				SWIFT_EMIT_LOC_STRINGS = YES;
				SWIFT_VERSION = 5.0;
				TARGETED_DEVICE_FAMILY = "1,2";
			};
			name = Release;
		};
		BDA4D1ED2E0E53BC0080699A /* Debug */ = {
			isa = XCBuildConfiguration;
			buildSettings = {
				BUNDLE_LOADER = "$(TEST_HOST)";
				CODE_SIGN_STYLE = Automatic;
				CURRENT_PROJECT_VERSION = 1;
				DEVELOPMENT_TEAM = 5S2USGV52L;
				GENERATE_INFOPLIST_FILE = YES;
				IPHONEOS_DEPLOYMENT_TARGET = 18.5;
				MARKETING_VERSION = 1.0;
				PRODUCT_BUNDLE_IDENTIFIER = com.anushka.CartellaTests;
				PRODUCT_NAME = "$(TARGET_NAME)";
				SWIFT_EMIT_LOC_STRINGS = NO;
				SWIFT_VERSION = 5.0;
				TARGETED_DEVICE_FAMILY = "1,2";
				TEST_HOST = "$(BUILT_PRODUCTS_DIR)/Cartella.app/$(BUNDLE_EXECUTABLE_FOLDER_PATH)/Cartella";
			};
			name = Debug;
		};
		BDA4D1EE2E0E53BC0080699A /* Release */ = {
			isa = XCBuildConfiguration;
			buildSettings = {
				BUNDLE_LOADER = "$(TEST_HOST)";
				CODE_SIGN_STYLE = Automatic;
				CURRENT_PROJECT_VERSION = 1;
				DEVELOPMENT_TEAM = 5S2USGV52L;
				GENERATE_INFOPLIST_FILE = YES;
				IPHONEOS_DEPLOYMENT_TARGET = 18.5;
				MARKETING_VERSION = 1.0;
				PRODUCT_BUNDLE_IDENTIFIER = com.anushka.CartellaTests;
				PRODUCT_NAME = "$(TARGET_NAME)";
				SWIFT_EMIT_LOC_STRINGS = NO;
				SWIFT_VERSION = 5.0;
				TARGETED_DEVICE_FAMILY = "1,2";
				TEST_HOST = "$(BUILT_PRODUCTS_DIR)/Cartella.app/$(BUNDLE_EXECUTABLE_FOLDER_PATH)/Cartella";
			};
			name = Release;
		};
		BDA4D1F02E0E53BC0080699A /* Debug */ = {
			isa = XCBuildConfiguration;
			buildSettings = {
				CODE_SIGN_STYLE = Automatic;
				CURRENT_PROJECT_VERSION = 1;
				DEVELOPMENT_TEAM = 5S2USGV52L;
				GENERATE_INFOPLIST_FILE = YES;
				MARKETING_VERSION = 1.0;
				PRODUCT_BUNDLE_IDENTIFIER = com.anushka.CartellaUITests;
				PRODUCT_NAME = "$(TARGET_NAME)";
				SWIFT_EMIT_LOC_STRINGS = NO;
				SWIFT_VERSION = 5.0;
				TARGETED_DEVICE_FAMILY = "1,2";
				TEST_TARGET_NAME = Cartella;
			};
			name = Debug;
		};
		BDA4D1F12E0E53BC0080699A /* Release */ = {
			isa = XCBuildConfiguration;
			buildSettings = {
				CODE_SIGN_STYLE = Automatic;
				CURRENT_PROJECT_VERSION = 1;
				DEVELOPMENT_TEAM = 5S2USGV52L;
				GENERATE_INFOPLIST_FILE = YES;
				MARKETING_VERSION = 1.0;
				PRODUCT_BUNDLE_IDENTIFIER = com.anushka.CartellaUITests;
				PRODUCT_NAME = "$(TARGET_NAME)";
				SWIFT_EMIT_LOC_STRINGS = NO;
				SWIFT_VERSION = 5.0;
				TARGETED_DEVICE_FAMILY = "1,2";
				TEST_TARGET_NAME = Cartella;
			};
			name = Release;
		};
/* End XCBuildConfiguration section */

/* Begin XCConfigurationList section */
		BDA4D1BE2E0E53BA0080699A /* Build configuration list for PBXProject "Cartella" */ = {
			isa = XCConfigurationList;
			buildConfigurations = (
				BDA4D1E72E0E53BC0080699A /* Debug */,
				BDA4D1E82E0E53BC0080699A /* Release */,
			);
			defaultConfigurationIsVisible = 0;
			defaultConfigurationName = Release;
		};
		BDA4D1E92E0E53BC0080699A /* Build configuration list for PBXNativeTarget "Cartella" */ = {
			isa = XCConfigurationList;
			buildConfigurations = (
				BDA4D1EA2E0E53BC0080699A /* Debug */,
				BDA4D1EB2E0E53BC0080699A /* Release */,
			);
			defaultConfigurationIsVisible = 0;
			defaultConfigurationName = Release;
		};
		BDA4D1EC2E0E53BC0080699A /* Build configuration list for PBXNativeTarget "CartellaTests" */ = {
			isa = XCConfigurationList;
			buildConfigurations = (
				BDA4D1ED2E0E53BC0080699A /* Debug */,
				BDA4D1EE2E0E53BC0080699A /* Release */,
			);
			defaultConfigurationIsVisible = 0;
			defaultConfigurationName = Release;
		};
		BDA4D1EF2E0E53BC0080699A /* Build configuration list for PBXNativeTarget "CartellaUITests" */ = {
			isa = XCConfigurationList;
			buildConfigurations = (
				BDA4D1F02E0E53BC0080699A /* Debug */,
				BDA4D1F12E0E53BC0080699A /* Release */,
			);
			defaultConfigurationIsVisible = 0;
			defaultConfigurationName = Release;
		};
/* End XCConfigurationList section */
	};
	rootObject = BDA4D1BB2E0E53BA0080699A /* Project object */;
}
